Microsoft Visual Studio Solution File, Format Version 11.00
# Visual Studio 2008

Project("{9756D838-41DC-D4AF-5AD1-0EC3A8B84F73}") = "Pool physics concept", "Assembly-CSharp.csproj", "{2F71697D-3726-0A00-DF9B-AE3D435FED0A}"
EndProject
Global
	GlobalSection(SolutionConfigurationPlatforms) = preSolution
		Debug|Any CPU = Debug|Any CPU
		Release|Any CPU = Release|Any CPU
	EndGlobalSection
	GlobalSection(ProjectConfigurationPlatforms) = postSolution
		{2F71697D-3726-0A00-DF9B-AE3D435FED0A}.Debug|Any CPU.ActiveCfg = Debug|Any CPU
		{2F71697D-3726-0A00-DF9B-AE3D435FED0A}.Debug|Any CPU.Build.0 = Debug|Any CPU
		{2F71697D-3726-0A00-DF9B-AE3D435FED0A}.Release|Any CPU.ActiveCfg = Release|Any CPU
		{2F71697D-3726-0A00-DF9B-AE3D435FED0A}.Release|Any CPU.Build.0 = Release|Any CPU
	EndGlobalSection
	GlobalSection(SolutionProperties) = preSolution
		HideSolutionNode = FALSE
	EndGlobalSection
	GlobalSection(MonoDevelopProperties) = preSolution
		StartupItem = Assembly-CSharp.csproj
	EndGlobalSection
EndGlobal
